// !$*UTF8*$!
{
	archiveVersion = 1;
	classes = {
	};
	objectVersion = 48;
	objects = {

/* Begin PBXBuildFile section */
		468D25E220700E92005EF265 /* RCTRootedViewController.swift in Sources */ = {isa = PBXBuildFile; fileRef = 468D25E120700E92005EF265 /* RCTRootedViewController.swift */; };
		468D25E4207010D8005EF265 /* JavaScriptCodeLocation.swift in Sources */ = {isa = PBXBuildFile; fileRef = 468D25E3207010D8005EF265 /* JavaScriptCodeLocation.swift */; };
		468D25EB20701E1D005EF265 /* ScenarioListViewController.swift in Sources */ = {isa = PBXBuildFile; fileRef = 468D25EA20701E1D005EF265 /* ScenarioListViewController.swift */; };
		468D25ED20702176005EF265 /* ScenarioListScene.swift in Sources */ = {isa = PBXBuildFile; fileRef = 468D25EC20702176005EF265 /* ScenarioListScene.swift */; };
		468D25EF2070219A005EF265 /* Scene.swift in Sources */ = {isa = PBXBuildFile; fileRef = 468D25EE2070219A005EF265 /* Scene.swift */; };
		468D25F52070265F005EF265 /* UIView+Extensions.swift in Sources */ = {isa = PBXBuildFile; fileRef = 468D25F42070265F005EF265 /* UIView+Extensions.swift */; };
		468D25FA20702C3C005EF265 /* UINavigationController+Extensions.swift in Sources */ = {isa = PBXBuildFile; fileRef = 468D25F920702C3C005EF265 /* UINavigationController+Extensions.swift */; };
		46F23EA920670F77006D6FAC /* AppDelegate.swift in Sources */ = {isa = PBXBuildFile; fileRef = 46F23EA820670F77006D6FAC /* AppDelegate.swift */; };
		46F23EB020670F77006D6FAC /* Assets.xcassets in Resources */ = {isa = PBXBuildFile; fileRef = 46F23EAF20670F77006D6FAC /* Assets.xcassets */; };
		46F23EB320670F77006D6FAC /* LaunchScreen.storyboard in Resources */ = {isa = PBXBuildFile; fileRef = 46F23EB120670F77006D6FAC /* LaunchScreen.storyboard */; };
		DCCAD1B2BEEBB9E8CF550F0C /* Pods_ReactNativePlayground.framework in Frameworks */ = {isa = PBXBuildFile; fileRef = 0E839CC1065336AF64E12FF9 /* Pods_ReactNativePlayground.framework */; };
/* End PBXBuildFile section */

/* Begin PBXFileReference section */
		0E839CC1065336AF64E12FF9 /* Pods_ReactNativePlayground.framework */ = {isa = PBXFileReference; explicitFileType = wrapper.framework; includeInIndex = 0; path = Pods_ReactNativePlayground.framework; sourceTree = BUILT_PRODUCTS_DIR; };
		468D25E120700E92005EF265 /* RCTRootedViewController.swift */ = {isa = PBXFileReference; lastKnownFileType = sourcecode.swift; path = RCTRootedViewController.swift; sourceTree = "<group>"; };
		468D25E3207010D8005EF265 /* JavaScriptCodeLocation.swift */ = {isa = PBXFileReference; lastKnownFileType = sourcecode.swift; path = JavaScriptCodeLocation.swift; sourceTree = "<group>"; };
		468D25EA20701E1D005EF265 /* ScenarioListViewController.swift */ = {isa = PBXFileReference; lastKnownFileType = sourcecode.swift; path = ScenarioListViewController.swift; sourceTree = "<group>"; };
		468D25EC20702176005EF265 /* ScenarioListScene.swift */ = {isa = PBXFileReference; lastKnownFileType = sourcecode.swift; path = ScenarioListScene.swift; sourceTree = "<group>"; };
		468D25EE2070219A005EF265 /* Scene.swift */ = {isa = PBXFileReference; lastKnownFileType = sourcecode.swift; path = Scene.swift; sourceTree = "<group>"; };
		468D25F42070265F005EF265 /* UIView+Extensions.swift */ = {isa = PBXFileReference; lastKnownFileType = sourcecode.swift; path = "UIView+Extensions.swift"; sourceTree = "<group>"; };
		468D25F920702C3C005EF265 /* UINavigationController+Extensions.swift */ = {isa = PBXFileReference; lastKnownFileType = sourcecode.swift; path = "UINavigationController+Extensions.swift"; sourceTree = "<group>"; };
		46F23EA520670F77006D6FAC /* ReactNativePlayground.app */ = {isa = PBXFileReference; explicitFileType = wrapper.application; includeInIndex = 0; path = ReactNativePlayground.app; sourceTree = BUILT_PRODUCTS_DIR; };
		46F23EA820670F77006D6FAC /* AppDelegate.swift */ = {isa = PBXFileReference; lastKnownFileType = sourcecode.swift; path = AppDelegate.swift; sourceTree = "<group>"; };
		46F23EAF20670F77006D6FAC /* Assets.xcassets */ = {isa = PBXFileReference; lastKnownFileType = folder.assetcatalog; path = Assets.xcassets; sourceTree = "<group>"; };
		46F23EB220670F77006D6FAC /* Base */ = {isa = PBXFileReference; lastKnownFileType = file.storyboard; name = Base; path = Base.lproj/LaunchScreen.storyboard; sourceTree = "<group>"; };
		46F23EB420670F77006D6FAC /* Info.plist */ = {isa = PBXFileReference; lastKnownFileType = text.plist.xml; path = Info.plist; sourceTree = "<group>"; };
		566B2DC747474C5F09232AA0 /* Pods-ReactNativePlayground.release.xcconfig */ = {isa = PBXFileReference; includeInIndex = 1; lastKnownFileType = text.xcconfig; name = "Pods-ReactNativePlayground.release.xcconfig"; path = "Pods/Target Support Files/Pods-ReactNativePlayground/Pods-ReactNativePlayground.release.xcconfig"; sourceTree = "<group>"; };
		E6A24A26A072558E6401CC56 /* Pods-ReactNativePlayground.debug.xcconfig */ = {isa = PBXFileReference; includeInIndex = 1; lastKnownFileType = text.xcconfig; name = "Pods-ReactNativePlayground.debug.xcconfig"; path = "Pods/Target Support Files/Pods-ReactNativePlayground/Pods-ReactNativePlayground.debug.xcconfig"; sourceTree = "<group>"; };
/* End PBXFileReference section */

/* Begin PBXFrameworksBuildPhase section */
		46F23EA220670F77006D6FAC /* Frameworks */ = {
			isa = PBXFrameworksBuildPhase;
			buildActionMask = 2147483647;
			files = (
				DCCAD1B2BEEBB9E8CF550F0C /* Pods_ReactNativePlayground.framework in Frameworks */,
			);
			runOnlyForDeploymentPostprocessing = 0;
		};
/* End PBXFrameworksBuildPhase section */

/* Begin PBXGroup section */
		468D25E920701D99005EF265 /* ViewControllers */ = {
			isa = PBXGroup;
			children = (
				468D25E120700E92005EF265 /* RCTRootedViewController.swift */,
				468D25EA20701E1D005EF265 /* ScenarioListViewController.swift */,
			);
			name = ViewControllers;
			sourceTree = "<group>";
		};
		468D25F820702BFB005EF265 /* Extensions */ = {
			isa = PBXGroup;
			children = (
				468D25F42070265F005EF265 /* UIView+Extensions.swift */,
				468D25F920702C3C005EF265 /* UINavigationController+Extensions.swift */,
			);
			name = Extensions;
			sourceTree = "<group>";
		};
		46F23E9C20670F77006D6FAC = {
			isa = PBXGroup;
			children = (
				46F23EA720670F77006D6FAC /* ReactNativePlayground */,
				46F23EA620670F77006D6FAC /* Products */,
				74AFD81DC3E5FCE8CE471459 /* Pods */,
				A5B6CE46B002B1C26CE29714 /* Frameworks */,
			);
			sourceTree = "<group>";
		};
		46F23EA620670F77006D6FAC /* Products */ = {
			isa = PBXGroup;
			children = (
				46F23EA520670F77006D6FAC /* ReactNativePlayground.app */,
			);
			name = Products;
			sourceTree = "<group>";
		};
		46F23EA720670F77006D6FAC /* ReactNativePlayground */ = {
			isa = PBXGroup;
			children = (
				468D25F820702BFB005EF265 /* Extensions */,
				468D25E920701D99005EF265 /* ViewControllers */,
				46F23EA820670F77006D6FAC /* AppDelegate.swift */,
				468D25EE2070219A005EF265 /* Scene.swift */,
				468D25EC20702176005EF265 /* ScenarioListScene.swift */,
				468D25E3207010D8005EF265 /* JavaScriptCodeLocation.swift */,
				46F23EB120670F77006D6FAC /* LaunchScreen.storyboard */,
				46F23EAF20670F77006D6FAC /* Assets.xcassets */,
				46F23EB420670F77006D6FAC /* Info.plist */,
			);
			path = ReactNativePlayground;
			sourceTree = "<group>";
		};
		74AFD81DC3E5FCE8CE471459 /* Pods */ = {
			isa = PBXGroup;
			children = (
				E6A24A26A072558E6401CC56 /* Pods-ReactNativePlayground.debug.xcconfig */,
				566B2DC747474C5F09232AA0 /* Pods-ReactNativePlayground.release.xcconfig */,
			);
			name = Pods;
			sourceTree = "<group>";
		};
		A5B6CE46B002B1C26CE29714 /* Frameworks */ = {
			isa = PBXGroup;
			children = (
				0E839CC1065336AF64E12FF9 /* Pods_ReactNativePlayground.framework */,
			);
			name = Frameworks;
			sourceTree = "<group>";
		};
/* End PBXGroup section */

/* Begin PBXNativeTarget section */
		46F23EA420670F77006D6FAC /* ReactNativePlayground */ = {
			isa = PBXNativeTarget;
			buildConfigurationList = 46F23EB720670F77006D6FAC /* Build configuration list for PBXNativeTarget "ReactNativePlayground" */;
			buildPhases = (
				C8E78AE848C8126C973B784B /* [CP] Check Pods Manifest.lock */,
				46F23EA120670F77006D6FAC /* Sources */,
				46F23EA220670F77006D6FAC /* Frameworks */,
				46F23EA320670F77006D6FAC /* Resources */,
				0F1E31A0AD069A793B4993BE /* [CP] Embed Pods Frameworks */,
				890FA3FD2F59E472CE42351F /* [CP] Copy Pods Resources */,
			);
			buildRules = (
			);
			dependencies = (
			);
			name = ReactNativePlayground;
			productName = ReactNativePlayground;
			productReference = 46F23EA520670F77006D6FAC /* ReactNativePlayground.app */;
			productType = "com.apple.product-type.application";
		};
/* End PBXNativeTarget section */

/* Begin PBXProject section */
		46F23E9D20670F77006D6FAC /* Project object */ = {
			isa = PBXProject;
			attributes = {
				LastSwiftUpdateCheck = 0920;
				LastUpgradeCheck = 0920;
				ORGANIZATIONNAME = Haoxin;
				TargetAttributes = {
					46F23EA420670F77006D6FAC = {
						CreatedOnToolsVersion = 9.2;
						ProvisioningStyle = Automatic;
					};
				};
			};
			buildConfigurationList = 46F23EA020670F77006D6FAC /* Build configuration list for PBXProject "ReactNativePlayground" */;
			compatibilityVersion = "Xcode 8.0";
			developmentRegion = en;
			hasScannedForEncodings = 0;
			knownRegions = (
				en,
				Base,
			);
			mainGroup = 46F23E9C20670F77006D6FAC;
			productRefGroup = 46F23EA620670F77006D6FAC /* Products */;
			projectDirPath = "";
			projectRoot = "";
			targets = (
				46F23EA420670F77006D6FAC /* ReactNativePlayground */,
			);
		};
/* End PBXProject section */

/* Begin PBXResourcesBuildPhase section */
		46F23EA320670F77006D6FAC /* Resources */ = {
			isa = PBXResourcesBuildPhase;
			buildActionMask = 2147483647;
			files = (
				46F23EB320670F77006D6FAC /* LaunchScreen.storyboard in Resources */,
				46F23EB020670F77006D6FAC /* Assets.xcassets in Resources */,
			);
			runOnlyForDeploymentPostprocessing = 0;
		};
/* End PBXResourcesBuildPhase section */

/* Begin PBXShellScriptBuildPhase section */
		0F1E31A0AD069A793B4993BE /* [CP] Embed Pods Frameworks */ = {
			isa = PBXShellScriptBuildPhase;
			buildActionMask = 2147483647;
			files = (
			);
			inputPaths = (
				"${SRCROOT}/Pods/Target Support Files/Pods-ReactNativePlayground/Pods-ReactNativePlayground-frameworks.sh",
				"${BUILT_PRODUCTS_DIR}/DoubleConversion/DoubleConversion.framework",
				"${BUILT_PRODUCTS_DIR}/Folly/folly.framework",
				"${BUILT_PRODUCTS_DIR}/React/React.framework",
				"${BUILT_PRODUCTS_DIR}/glog/glog.framework",
				"${BUILT_PRODUCTS_DIR}/yoga/yoga.framework",
			);
			name = "[CP] Embed Pods Frameworks";
			outputPaths = (
				"${TARGET_BUILD_DIR}/${FRAMEWORKS_FOLDER_PATH}/DoubleConversion.framework",
				"${TARGET_BUILD_DIR}/${FRAMEWORKS_FOLDER_PATH}/folly.framework",
				"${TARGET_BUILD_DIR}/${FRAMEWORKS_FOLDER_PATH}/React.framework",
				"${TARGET_BUILD_DIR}/${FRAMEWORKS_FOLDER_PATH}/glog.framework",
				"${TARGET_BUILD_DIR}/${FRAMEWORKS_FOLDER_PATH}/yoga.framework",
			);
			runOnlyForDeploymentPostprocessing = 0;
			shellPath = /bin/sh;
			shellScript = "\"${SRCROOT}/Pods/Target Support Files/Pods-ReactNativePlayground/Pods-ReactNativePlayground-frameworks.sh\"\n";
			showEnvVarsInLog = 0;
		};
		890FA3FD2F59E472CE42351F /* [CP] Copy Pods Resources */ = {
			isa = PBXShellScriptBuildPhase;
			buildActionMask = 2147483647;
			files = (
			);
			inputPaths = (
			);
			name = "[CP] Copy Pods Resources";
			outputPaths = (
			);
			runOnlyForDeploymentPostprocessing = 0;
			shellPath = /bin/sh;
			shellScript = "\"${SRCROOT}/Pods/Target Support Files/Pods-ReactNativePlayground/Pods-ReactNativePlayground-resources.sh\"\n";
			showEnvVarsInLog = 0;
		};
		C8E78AE848C8126C973B784B /* [CP] Check Pods Manifest.lock */ = {
			isa = PBXShellScriptBuildPhase;
			buildActionMask = 2147483647;
			files = (
			);
			inputPaths = (
				"${PODS_PODFILE_DIR_PATH}/Podfile.lock",
				"${PODS_ROOT}/Manifest.lock",
			);
			name = "[CP] Check Pods Manifest.lock";
			outputPaths = (
				"$(DERIVED_FILE_DIR)/Pods-ReactNativePlayground-checkManifestLockResult.txt",
			);
			runOnlyForDeploymentPostprocessing = 0;
			shellPath = /bin/sh;
			shellScript = "diff \"${PODS_PODFILE_DIR_PATH}/Podfile.lock\" \"${PODS_ROOT}/Manifest.lock\" > /dev/null\nif [ $? != 0 ] ; then\n    # print error to STDERR\n    echo \"error: The sandbox is not in sync with the Podfile.lock. Run 'pod install' or update your CocoaPods installation.\" >&2\n    exit 1\nfi\n# This output is used by Xcode 'outputs' to avoid re-running this script phase.\necho \"SUCCESS\" > \"${SCRIPT_OUTPUT_FILE_0}\"\n";
			showEnvVarsInLog = 0;
		};
/* End PBXShellScriptBuildPhase section */

/* Begin PBXSourcesBuildPhase section */
		46F23EA120670F77006D6FAC /* Sources */ = {
			isa = PBXSourcesBuildPhase;
			buildActionMask = 2147483647;
			files = (
				46F23EA920670F77006D6FAC /* AppDelegate.swift in Sources */,
				468D25EB20701E1D005EF265 /* ScenarioListViewController.swift in Sources */,
				468D25FA20702C3C005EF265 /* UINavigationController+Extensions.swift in Sources */,
				468D25E4207010D8005EF265 /* JavaScriptCodeLocation.swift in Sources */,
				468D25EF2070219A005EF265 /* Scene.swift in Sources */,
				468D25ED20702176005EF265 /* ScenarioListScene.swift in Sources */,
				468D25F52070265F005EF265 /* UIView+Extensions.swift in Sources */,
				468D25E220700E92005EF265 /* RCTRootedViewController.swift in Sources */,
			);
			runOnlyForDeploymentPostprocessing = 0;
		};
/* End PBXSourcesBuildPhase section */

/* Begin PBXVariantGroup section */
		46F23EB120670F77006D6FAC /* LaunchScreen.storyboard */ = {
			isa = PBXVariantGroup;
			children = (
				46F23EB220670F77006D6FAC /* Base */,
			);
			name = LaunchScreen.storyboard;
			sourceTree = "<group>";
		};
/* End PBXVariantGroup section */

/* Begin XCBuildConfiguration section */
		46F23EB520670F77006D6FAC /* Debug */ = {
			isa = XCBuildConfiguration;
			buildSettings = {
				ALWAYS_SEARCH_USER_PATHS = NO;
				CLANG_ANALYZER_NONNULL = YES;
				CLANG_ANALYZER_NUMBER_OBJECT_CONVERSION = YES_AGGRESSIVE;
				CLANG_CXX_LANGUAGE_STANDARD = "gnu++14";
				CLANG_CXX_LIBRARY = "libc++";
				CLANG_ENABLE_MODULES = YES;
				CLANG_ENABLE_OBJC_ARC = YES;
				CLANG_WARN_BLOCK_CAPTURE_AUTORELEASING = YES;
				CLANG_WARN_BOOL_CONVERSION = YES;
				CLANG_WARN_COMMA = YES;
				CLANG_WARN_CONSTANT_CONVERSION = YES;
				CLANG_WARN_DIRECT_OBJC_ISA_USAGE = YES_ERROR;
				CLANG_WARN_DOCUMENTATION_COMMENTS = YES;
				CLANG_WARN_EMPTY_BODY = YES;
				CLANG_WARN_ENUM_CONVERSION = YES;
				CLANG_WARN_INFINITE_RECURSION = YES;
				CLANG_WARN_INT_CONVERSION = YES;
				CLANG_WARN_NON_LITERAL_NULL_CONVERSION = YES;
				CLANG_WARN_OBJC_LITERAL_CONVERSION = YES;
				CLANG_WARN_OBJC_ROOT_CLASS = YES_ERROR;
				CLANG_WARN_RANGE_LOOP_ANALYSIS = YES;
				CLANG_WARN_STRICT_PROTOTYPES = YES;
				CLANG_WARN_SUSPICIOUS_MOVE = YES;
				CLANG_WARN_UNGUARDED_AVAILABILITY = YES_AGGRESSIVE;
				CLANG_WARN_UNREACHABLE_CODE = YES;
				CLANG_WARN__DUPLICATE_METHOD_MATCH = YES;
				CODE_SIGN_IDENTITY = "iPhone Developer";
				COPY_PHASE_STRIP = NO;
				DEBUG_INFORMATION_FORMAT = dwarf;
				ENABLE_STRICT_OBJC_MSGSEND = YES;
				ENABLE_TESTABILITY = YES;
				FRAMEWORK_SEARCH_PATHS = "$(SRCROOT)";
				GCC_C_LANGUAGE_STANDARD = gnu11;
				GCC_DYNAMIC_NO_PIC = NO;
				GCC_NO_COMMON_BLOCKS = YES;
				GCC_OPTIMIZATION_LEVEL = 0;
				GCC_PREPROCESSOR_DEFINITIONS = (
					"DEBUG=1",
					"$(inherited)",
				);
				GCC_WARN_64_TO_32_BIT_CONVERSION = YES;
				GCC_WARN_ABOUT_RETURN_TYPE = YES_ERROR;
				GCC_WARN_UNDECLARED_SELECTOR = YES;
				GCC_WARN_UNINITIALIZED_AUTOS = YES_AGGRESSIVE;
				GCC_WARN_UNUSED_FUNCTION = YES;
				GCC_WARN_UNUSED_VARIABLE = YES;
				IPHONEOS_DEPLOYMENT_TARGET = 11.2;
				MTL_ENABLE_DEBUG_INFO = YES;
				ONLY_ACTIVE_ARCH = YES;
				SDKROOT = iphoneos;
				SWIFT_ACTIVE_COMPILATION_CONDITIONS = DEBUG;
				SWIFT_OPTIMIZATION_LEVEL = "-Onone";
			};
			name = Debug;
		};
		46F23EB620670F77006D6FAC /* Release */ = {
			isa = XCBuildConfiguration;
			buildSettings = {
				ALWAYS_SEARCH_USER_PATHS = NO;
				CLANG_ANALYZER_NONNULL = YES;
				CLANG_ANALYZER_NUMBER_OBJECT_CONVERSION = YES_AGGRESSIVE;
				CLANG_CXX_LANGUAGE_STANDARD = "gnu++14";
				CLANG_CXX_LIBRARY = "libc++";
				CLANG_ENABLE_MODULES = YES;
				CLANG_ENABLE_OBJC_ARC = YES;
				CLANG_WARN_BLOCK_CAPTURE_AUTORELEASING = YES;
				CLANG_WARN_BOOL_CONVERSION = YES;
				CLANG_WARN_COMMA = YES;
				CLANG_WARN_CONSTANT_CONVERSION = YES;
				CLANG_WARN_DIRECT_OBJC_ISA_USAGE = YES_ERROR;
				CLANG_WARN_DOCUMENTATION_COMMENTS = YES;
				CLANG_WARN_EMPTY_BODY = YES;
				CLANG_WARN_ENUM_CONVERSION = YES;
				CLANG_WARN_INFINITE_RECURSION = YES;
				CLANG_WARN_INT_CONVERSION = YES;
				CLANG_WARN_NON_LITERAL_NULL_CONVERSION = YES;
				CLANG_WARN_OBJC_LITERAL_CONVERSION = YES;
				CLANG_WARN_OBJC_ROOT_CLASS = YES_ERROR;
				CLANG_WARN_RANGE_LOOP_ANALYSIS = YES;
				CLANG_WARN_STRICT_PROTOTYPES = YES;
				CLANG_WARN_SUSPICIOUS_MOVE = YES;
				CLANG_WARN_UNGUARDED_AVAILABILITY = YES_AGGRESSIVE;
				CLANG_WARN_UNREACHABLE_CODE = YES;
				CLANG_WARN__DUPLICATE_METHOD_MATCH = YES;
				CODE_SIGN_IDENTITY = "iPhone Developer";
				COPY_PHASE_STRIP = NO;
				DEBUG_INFORMATION_FORMAT = "dwarf-with-dsym";
				ENABLE_NS_ASSERTIONS = NO;
				ENABLE_STRICT_OBJC_MSGSEND = YES;
				FRAMEWORK_SEARCH_PATHS = "$(SRCROOT)";
				GCC_C_LANGUAGE_STANDARD = gnu11;
				GCC_NO_COMMON_BLOCKS = YES;
				GCC_WARN_64_TO_32_BIT_CONVERSION = YES;
				GCC_WARN_ABOUT_RETURN_TYPE = YES_ERROR;
				GCC_WARN_UNDECLARED_SELECTOR = YES;
				GCC_WARN_UNINITIALIZED_AUTOS = YES_AGGRESSIVE;
				GCC_WARN_UNUSED_FUNCTION = YES;
				GCC_WARN_UNUSED_VARIABLE = YES;
				IPHONEOS_DEPLOYMENT_TARGET = 11.2;
				MTL_ENABLE_DEBUG_INFO = NO;
				SDKROOT = iphoneos;
				SWIFT_OPTIMIZATION_LEVEL = "-Owholemodule";
				VALIDATE_PRODUCT = YES;
			};
			name = Release;
		};
		46F23EB820670F77006D6FAC /* Debug */ = {
			isa = XCBuildConfiguration;
			baseConfigurationReference = E6A24A26A072558E6401CC56 /* Pods-ReactNativePlayground.debug.xcconfig */;
			buildSettings = {
				ASSETCATALOG_COMPILER_APPICON_NAME = AppIcon;
				CODE_SIGN_STYLE = Automatic;
				DEVELOPMENT_TEAM = 5RFZ63C7NL;
				FRAMEWORK_SEARCH_PATHS = (
					"$(inherited)",
					"\"${PODS_CONFIGURATION_BUILD_DIR}/DoubleConversion\"",
					"\"${PODS_CONFIGURATION_BUILD_DIR}/Folly\"",
					"\"${PODS_CONFIGURATION_BUILD_DIR}/React\"",
					"\"${PODS_CONFIGURATION_BUILD_DIR}/glog\"",
					"\"${PODS_CONFIGURATION_BUILD_DIR}/yoga\"",
				);
				INFOPLIST_FILE = ReactNativePlayground/Info.plist;
				LD_RUNPATH_SEARCH_PATHS = "$(inherited) @executable_path/Frameworks";
				PRODUCT_BUNDLE_IDENTIFIER = com.haoxin.ReactNativePlayground;
				PRODUCT_NAME = "$(TARGET_NAME)";
				SWIFT_VERSION = 4.0;
				TARGETED_DEVICE_FAMILY = "1,2";
			};
			name = Debug;
		};
		46F23EB920670F77006D6FAC /* Release */ = {
			isa = XCBuildConfiguration;
			baseConfigurationReference = 566B2DC747474C5F09232AA0 /* Pods-ReactNativePlayground.release.xcconfig */;
			buildSettings = {
				ASSETCATALOG_COMPILER_APPICON_NAME = AppIcon;
				CODE_SIGN_STYLE = Automatic;
				DEVELOPMENT_TEAM = 5RFZ63C7NL;
				FRAMEWORK_SEARCH_PATHS = (
					"$(inherited)",
					"\"${PODS_CONFIGURATION_BUILD_DIR}/DoubleConversion\"",
					"\"${PODS_CONFIGURATION_BUILD_DIR}/Folly\"",
					"\"${PODS_CONFIGURATION_BUILD_DIR}/React\"",
					"\"${PODS_CONFIGURATION_BUILD_DIR}/glog\"",
					"\"${PODS_CONFIGURATION_BUILD_DIR}/yoga\"",
				);
				INFOPLIST_FILE = ReactNativePlayground/Info.plist;
				LD_RUNPATH_SEARCH_PATHS = "$(inherited) @executable_path/Frameworks";
				PRODUCT_BUNDLE_IDENTIFIER = com.haoxin.ReactNativePlayground;
				PRODUCT_NAME = "$(TARGET_NAME)";
				SWIFT_VERSION = 4.0;
				TARGETED_DEVICE_FAMILY = "1,2";
			};
			name = Release;
		};
/* End XCBuildConfiguration section */

/* Begin XCConfigurationList section */
		46F23EA020670F77006D6FAC /* Build configuration list for PBXProject "ReactNativePlayground" */ = {
			isa = XCConfigurationList;
			buildConfigurations = (
				46F23EB520670F77006D6FAC /* Debug */,
				46F23EB620670F77006D6FAC /* Release */,
			);
			defaultConfigurationIsVisible = 0;
			defaultConfigurationName = Release;
		};
		46F23EB720670F77006D6FAC /* Build configuration list for PBXNativeTarget "ReactNativePlayground" */ = {
			isa = XCConfigurationList;
			buildConfigurations = (
				46F23EB820670F77006D6FAC /* Debug */,
				46F23EB920670F77006D6FAC /* Release */,
			);
			defaultConfigurationIsVisible = 0;
			defaultConfigurationName = Release;
		};
/* End XCConfigurationList section */
	};
	rootObject = 46F23E9D20670F77006D6FAC /* Project object */;
}
